
Microsoft Visual Studio Solution File, Format Version 12.00
# Visual Studio 15
Project("{FAE04EC0-301F-11D3-BF4B-00C04F79EFBC}") = "UnityEngine.UI", "UnityEngine.UI.csproj", "{9F10DF77-50F8-AF26-3A6F-6C96A630B401}"
EndProject
Project("{FAE04EC0-301F-11D3-BF4B-00C04F79EFBC}") = "UnityEngine.TestRunner", "UnityEngine.TestRunner.csproj", "{C8346F5D-08D1-7D96-BE10-7E38BE33486C}"
EndProject
Project("{FAE04EC0-301F-11D3-BF4B-00C04F79EFBC}") = "Assembly-CSharp", "Assembly-CSharp.csproj", "{52FF2073-0B58-DCE0-682F-ECA972892DB2}"
EndProject
Project("{FAE04EC0-301F-11D3-BF4B-00C04F79EFBC}") = "Unity.InputSystem", "Unity.InputSystem.csproj", "{8C9712EF-8927-8634-97EE-5F5AFC9221C2}"
EndProject
Project("{FAE04EC0-301F-11D3-BF4B-00C04F79EFBC}") = "Unity.TextMeshPro", "Unity.TextMeshPro.csproj", "{24F5A35F-1E5C-1C63-5E66-E407A12E1D33}"
EndProject
Project("{FAE04EC0-301F-11D3-BF4B-00C04F79EFBC}") = "Unity.Timeline", "Unity.Timeline.csproj", "{E6236D2D-CB8E-FF6D-D125-F601D033E7D8}"
EndProject
Project("{FAE04EC0-301F-11D3-BF4B-00C04F79EFBC}") = "UnityEditor.TestRunner", "UnityEditor.TestRunner.csproj", "{26524F37-5407-BE2B-AE2F-162AC5A06BB3}"
EndProject
Project("{FAE04EC0-301F-11D3-BF4B-00C04F79EFBC}") = "Unity.VisualStudio.Editor", "Unity.VisualStudio.Editor.csproj", "{3AD284F3-DBE7-5388-4258-681A009533A7}"
EndProject
Project("{FAE04EC0-301F-11D3-BF4B-00C04F79EFBC}") = "Unity.TextMeshPro.Editor", "Unity.TextMeshPro.Editor.csproj", "{064CA3BF-31B5-B335-480D-EF2EDC44F608}"
EndProject
Project("{FAE04EC0-301F-11D3-BF4B-00C04F79EFBC}") = "Unity.Timeline.Editor", "Unity.Timeline.Editor.csproj", "{F65FD930-F139-4CF9-CBF7-A37C3A4C3602}"
EndProject
Project("{FAE04EC0-301F-11D3-BF4B-00C04F79EFBC}") = "Unity.PlasticSCM.Editor", "Unity.PlasticSCM.Editor.csproj", "{1D547032-3D7C-DBAD-6B8E-3DC7F1FCDADE}"
EndProject
Project("{FAE04EC0-301F-11D3-BF4B-00C04F79EFBC}") = "UnityEditor.UI", "UnityEditor.UI.csproj", "{56DA1E55-B15E-50F6-3CFE-B46892C4D9F9}"
EndProject
Project("{FAE04EC0-301F-11D3-BF4B-00C04F79EFBC}") = "Unity.Rider.Editor", "Unity.Rider.Editor.csproj", "{1274DFFB-FFF9-FA61-4411-7355F8A61C5F}"
EndProject
Project("{FAE04EC0-301F-11D3-BF4B-00C04F79EFBC}") = "Unity.CollabProxy.Editor", "Unity.CollabProxy.Editor.csproj", "{C2BA929A-BFE3-4A66-42E8-43A00F30AAF9}"
EndProject
Project("{FAE04EC0-301F-11D3-BF4B-00C04F79EFBC}") = "Unity.VSCode.Editor", "Unity.VSCode.Editor.csproj", "{1ABA5B67-B666-E974-131B-6DFC2BFF6CEE}"
EndProject
Project("{FAE04EC0-301F-11D3-BF4B-00C04F79EFBC}") = "Assembly-CSharp-Editor", "Assembly-CSharp-Editor.csproj", "{E476CAF2-8222-9F40-F745-C4F93765299F}"
EndProject
Project("{FAE04EC0-301F-11D3-BF4B-00C04F79EFBC}") = "UnityEngine.UI", "UnityEngine.UI.Player.csproj", "{EE4811BD-931B-C217-6210-FF574C97F645}"
EndProject
Project("{FAE04EC0-301F-11D3-BF4B-00C04F79EFBC}") = "UnityEngine.TestRunner", "UnityEngine.TestRunner.Player.csproj", "{AC6E1CE2-ED1D-4A7F-C7D4-4AA07AA2CB2F}"
EndProject
Project("{FAE04EC0-301F-11D3-BF4B-00C04F79EFBC}") = "Assembly-CSharp", "Assembly-CSharp.Player.csproj", "{47C8D73A-011D-850E-DCE7-651619425DE5}"
EndProject
Project("{FAE04EC0-301F-11D3-BF4B-00C04F79EFBC}") = "Unity.InputSystem", "Unity.InputSystem.Player.csproj", "{E61AABBA-C114-2B69-0DAA-F7585613A974}"
EndProject
Project("{FAE04EC0-301F-11D3-BF4B-00C04F79EFBC}") = "Unity.TextMeshPro", "Unity.TextMeshPro.Player.csproj", "{5EFF2120-7C21-C4F0-4B45-387FB5A3905A}"
EndProject
Project("{FAE04EC0-301F-11D3-BF4B-00C04F79EFBC}") = "Unity.Timeline", "Unity.Timeline.Player.csproj", "{21D4EB8E-3BF6-2F7C-59FB-49514A228322}"
EndProject
Global
	GlobalSection(SolutionConfigurationPlatforms) = preSolution
		Debug|Any CPU = Debug|Any CPU
		Release|Any CPU = Release|Any CPU
	EndGlobalSection
	GlobalSection(ProjectConfigurationPlatforms) = postSolution
		{9F10DF77-50F8-AF26-3A6F-6C96A630B401}.Debug|Any CPU.ActiveCfg = Debug|Any CPU
		{9F10DF77-50F8-AF26-3A6F-6C96A630B401}.Debug|Any CPU.Build.0 = Debug|Any CPU
		{9F10DF77-50F8-AF26-3A6F-6C96A630B401}.Release|Any CPU.ActiveCfg = Release|Any CPU
		{9F10DF77-50F8-AF26-3A6F-6C96A630B401}.Release|Any CPU.Build.0 = Release|Any CPU
		{C8346F5D-08D1-7D96-BE10-7E38BE33486C}.Debug|Any CPU.ActiveCfg = Debug|Any CPU
		{C8346F5D-08D1-7D96-BE10-7E38BE33486C}.Debug|Any CPU.Build.0 = Debug|Any CPU
		{C8346F5D-08D1-7D96-BE10-7E38BE33486C}.Release|Any CPU.ActiveCfg = Release|Any CPU
		{C8346F5D-08D1-7D96-BE10-7E38BE33486C}.Release|Any CPU.Build.0 = Release|Any CPU
		{52FF2073-0B58-DCE0-682F-ECA972892DB2}.Debug|Any CPU.ActiveCfg = Debug|Any CPU
		{52FF2073-0B58-DCE0-682F-ECA972892DB2}.Debug|Any CPU.Build.0 = Debug|Any CPU
		{52FF2073-0B58-DCE0-682F-ECA972892DB2}.Release|Any CPU.ActiveCfg = Release|Any CPU
		{52FF2073-0B58-DCE0-682F-ECA972892DB2}.Release|Any CPU.Build.0 = Release|Any CPU
		{8C9712EF-8927-8634-97EE-5F5AFC9221C2}.Debug|Any CPU.ActiveCfg = Debug|Any CPU
		{8C9712EF-8927-8634-97EE-5F5AFC9221C2}.Debug|Any CPU.Build.0 = Debug|Any CPU
		{8C9712EF-8927-8634-97EE-5F5AFC9221C2}.Release|Any CPU.ActiveCfg = Release|Any CPU
		{8C9712EF-8927-8634-97EE-5F5AFC9221C2}.Release|Any CPU.Build.0 = Release|Any CPU
		{24F5A35F-1E5C-1C63-5E66-E407A12E1D33}.Debug|Any CPU.ActiveCfg = Debug|Any CPU
		{24F5A35F-1E5C-1C63-5E66-E407A12E1D33}.Debug|Any CPU.Build.0 = Debug|Any CPU
		{24F5A35F-1E5C-1C63-5E66-E407A12E1D33}.Release|Any CPU.ActiveCfg = Release|Any CPU
		{24F5A35F-1E5C-1C63-5E66-E407A12E1D33}.Release|Any CPU.Build.0 = Release|Any CPU
		{E6236D2D-CB8E-FF6D-D125-F601D033E7D8}.Debug|Any CPU.ActiveCfg = Debug|Any CPU
		{E6236D2D-CB8E-FF6D-D125-F601D033E7D8}.Debug|Any CPU.Build.0 = Debug|Any CPU
		{E6236D2D-CB8E-FF6D-D125-F601D033E7D8}.Release|Any CPU.ActiveCfg = Release|Any CPU
		{E6236D2D-CB8E-FF6D-D125-F601D033E7D8}.Release|Any CPU.Build.0 = Release|Any CPU
		{26524F37-5407-BE2B-AE2F-162AC5A06BB3}.Debug|Any CPU.ActiveCfg = Debug|Any CPU
		{26524F37-5407-BE2B-AE2F-162AC5A06BB3}.Debug|Any CPU.Build.0 = Debug|Any CPU
		{26524F37-5407-BE2B-AE2F-162AC5A06BB3}.Release|Any CPU.ActiveCfg = Release|Any CPU
		{26524F37-5407-BE2B-AE2F-162AC5A06BB3}.Release|Any CPU.Build.0 = Release|Any CPU
		{3AD284F3-DBE7-5388-4258-681A009533A7}.Debug|Any CPU.ActiveCfg = Debug|Any CPU
		{3AD284F3-DBE7-5388-4258-681A009533A7}.Debug|Any CPU.Build.0 = Debug|Any CPU
		{3AD284F3-DBE7-5388-4258-681A009533A7}.Release|Any CPU.ActiveCfg = Release|Any CPU
		{3AD284F3-DBE7-5388-4258-681A009533A7}.Release|Any CPU.Build.0 = Release|Any CPU
		{064CA3BF-31B5-B335-480D-EF2EDC44F608}.Debug|Any CPU.ActiveCfg = Debug|Any CPU
		{064CA3BF-31B5-B335-480D-EF2EDC44F608}.Debug|Any CPU.Build.0 = Debug|Any CPU
		{064CA3BF-31B5-B335-480D-EF2EDC44F608}.Release|Any CPU.ActiveCfg = Release|Any CPU
		{064CA3BF-31B5-B335-480D-EF2EDC44F608}.Release|Any CPU.Build.0 = Release|Any CPU
		{F65FD930-F139-4CF9-CBF7-A37C3A4C3602}.Debug|Any CPU.ActiveCfg = Debug|Any CPU
		{F65FD930-F139-4CF9-CBF7-A37C3A4C3602}.Debug|Any CPU.Build.0 = Debug|Any CPU
		{F65FD930-F139-4CF9-CBF7-A37C3A4C3602}.Release|Any CPU.ActiveCfg = Release|Any CPU
		{F65FD930-F139-4CF9-CBF7-A37C3A4C3602}.Release|Any CPU.Build.0 = Release|Any CPU
		{1D547032-3D7C-DBAD-6B8E-3DC7F1FCDADE}.Debug|Any CPU.ActiveCfg = Debug|Any CPU
		{1D547032-3D7C-DBAD-6B8E-3DC7F1FCDADE}.Debug|Any CPU.Build.0 = Debug|Any CPU
		{1D547032-3D7C-DBAD-6B8E-3DC7F1FCDADE}.Release|Any CPU.ActiveCfg = Release|Any CPU
		{1D547032-3D7C-DBAD-6B8E-3DC7F1FCDADE}.Release|Any CPU.Build.0 = Release|Any CPU
		{56DA1E55-B15E-50F6-3CFE-B46892C4D9F9}.Debug|Any CPU.ActiveCfg = Debug|Any CPU
		{56DA1E55-B15E-50F6-3CFE-B46892C4D9F9}.Debug|Any CPU.Build.0 = Debug|Any CPU
		{56DA1E55-B15E-50F6-3CFE-B46892C4D9F9}.Release|Any CPU.ActiveCfg = Release|Any CPU
		{56DA1E55-B15E-50F6-3CFE-B46892C4D9F9}.Release|Any CPU.Build.0 = Release|Any CPU
		{1274DFFB-FFF9-FA61-4411-7355F8A61C5F}.Debug|Any CPU.ActiveCfg = Debug|Any CPU
		{1274DFFB-FFF9-FA61-4411-7355F8A61C5F}.Debug|Any CPU.Build.0 = Debug|Any CPU
		{1274DFFB-FFF9-FA61-4411-7355F8A61C5F}.Release|Any CPU.ActiveCfg = Release|Any CPU
		{1274DFFB-FFF9-FA61-4411-7355F8A61C5F}.Release|Any CPU.Build.0 = Release|Any CPU
		{C2BA929A-BFE3-4A66-42E8-43A00F30AAF9}.Debug|Any CPU.ActiveCfg = Debug|Any CPU
		{C2BA929A-BFE3-4A66-42E8-43A00F30AAF9}.Debug|Any CPU.Build.0 = Debug|Any CPU
		{C2BA929A-BFE3-4A66-42E8-43A00F30AAF9}.Release|Any CPU.ActiveCfg = Release|Any CPU
		{C2BA929A-BFE3-4A66-42E8-43A00F30AAF9}.Release|Any CPU.Build.0 = Release|Any CPU
		{1ABA5B67-B666-E974-131B-6DFC2BFF6CEE}.Debug|Any CPU.ActiveCfg = Debug|Any CPU
		{1ABA5B67-B666-E974-131B-6DFC2BFF6CEE}.Debug|Any CPU.Build.0 = Debug|Any CPU
		{1ABA5B67-B666-E974-131B-6DFC2BFF6CEE}.Release|Any CPU.ActiveCfg = Release|Any CPU
		{1ABA5B67-B666-E974-131B-6DFC2BFF6CEE}.Release|Any CPU.Build.0 = Release|Any CPU
		{E476CAF2-8222-9F40-F745-C4F93765299F}.Debug|Any CPU.ActiveCfg = Debug|Any CPU
		{E476CAF2-8222-9F40-F745-C4F93765299F}.Debug|Any CPU.Build.0 = Debug|Any CPU
		{E476CAF2-8222-9F40-F745-C4F93765299F}.Release|Any CPU.ActiveCfg = Release|Any CPU
		{E476CAF2-8222-9F40-F745-C4F93765299F}.Release|Any CPU.Build.0 = Release|Any CPU
		{EE4811BD-931B-C217-6210-FF574C97F645}.Debug|Any CPU.ActiveCfg = Debug|Any CPU
		{EE4811BD-931B-C217-6210-FF574C97F645}.Debug|Any CPU.Build.0 = Debug|Any CPU
		{EE4811BD-931B-C217-6210-FF574C97F645}.Release|Any CPU.ActiveCfg = Release|Any CPU
		{EE4811BD-931B-C217-6210-FF574C97F645}.Release|Any CPU.Build.0 = Release|Any CPU
		{AC6E1CE2-ED1D-4A7F-C7D4-4AA07AA2CB2F}.Debug|Any CPU.ActiveCfg = Debug|Any CPU
		{AC6E1CE2-ED1D-4A7F-C7D4-4AA07AA2CB2F}.Debug|Any CPU.Build.0 = Debug|Any CPU
		{AC6E1CE2-ED1D-4A7F-C7D4-4AA07AA2CB2F}.Release|Any CPU.ActiveCfg = Release|Any CPU
		{AC6E1CE2-ED1D-4A7F-C7D4-4AA07AA2CB2F}.Release|Any CPU.Build.0 = Release|Any CPU
		{47C8D73A-011D-850E-DCE7-651619425DE5}.Debug|Any CPU.ActiveCfg = Debug|Any CPU
		{47C8D73A-011D-850E-DCE7-651619425DE5}.Debug|Any CPU.Build.0 = Debug|Any CPU
		{47C8D73A-011D-850E-DCE7-651619425DE5}.Release|Any CPU.ActiveCfg = Release|Any CPU
		{47C8D73A-011D-850E-DCE7-651619425DE5}.Release|Any CPU.Build.0 = Release|Any CPU
		{E61AABBA-C114-2B69-0DAA-F7585613A974}.Debug|Any CPU.ActiveCfg = Debug|Any CPU
		{E61AABBA-C114-2B69-0DAA-F7585613A974}.Debug|Any CPU.Build.0 = Debug|Any CPU
		{E61AABBA-C114-2B69-0DAA-F7585613A974}.Release|Any CPU.ActiveCfg = Release|Any CPU
		{E61AABBA-C114-2B69-0DAA-F7585613A974}.Release|Any CPU.Build.0 = Release|Any CPU
		{5EFF2120-7C21-C4F0-4B45-387FB5A3905A}.Debug|Any CPU.ActiveCfg = Debug|Any CPU
		{5EFF2120-7C21-C4F0-4B45-387FB5A3905A}.Debug|Any CPU.Build.0 = Debug|Any CPU
		{5EFF2120-7C21-C4F0-4B45-387FB5A3905A}.Release|Any CPU.ActiveCfg = Release|Any CPU
		{5EFF2120-7C21-C4F0-4B45-387FB5A3905A}.Release|Any CPU.Build.0 = Release|Any CPU
		{21D4EB8E-3BF6-2F7C-59FB-49514A228322}.Debug|Any CPU.ActiveCfg = Debug|Any CPU
		{21D4EB8E-3BF6-2F7C-59FB-49514A228322}.Debug|Any CPU.Build.0 = Debug|Any CPU
		{21D4EB8E-3BF6-2F7C-59FB-49514A228322}.Release|Any CPU.ActiveCfg = Release|Any CPU
		{21D4EB8E-3BF6-2F7C-59FB-49514A228322}.Release|Any CPU.Build.0 = Release|Any CPU
	EndGlobalSection
	GlobalSection(SolutionProperties) = preSolution
		HideSolutionNode = FALSE
	EndGlobalSection
EndGlobal
